
Microsoft Visual Studio Solution File, Format Version 12.00
# Visual Studio Version 16
VisualStudioVersion = 16.0.28922.388
MinimumVisualStudioVersion = 10.0.40219.1
Project("{9A19103F-16F7-4668-BE54-9A1E7A4F7556}") = "Memento", "Memento\Memento.csproj", "{E60F46D9-65E3-4E4C-82AC-6095035277F1}"
EndProject
Project("{9A19103F-16F7-4668-BE54-9A1E7A4F7556}") = "MementoExt", "MementoExt\MementoExt.csproj", "{683F8002-E928-488D-9948-492381E8BA54}"
EndProject
Project("{9A19103F-16F7-4668-BE54-9A1E7A4F7556}") = "UnitOfWork", "UnitOfWork\UnitOfWork.csproj", "{B891303E-D5A6-4D21-8E84-E6FCEA64CA1B}"
EndProject
Project("{9A19103F-16F7-4668-BE54-9A1E7A4F7556}") = "Strategy", "Strategy\Strategy.csproj", "{29D2F0E9-E33F-4B68-9A16-8E38FD42C065}"
EndProject
Project("{9A19103F-16F7-4668-BE54-9A1E7A4F7556}") = "Bridge", "Bridge\Bridge.csproj", "{3D9145E8-C7FD-43DE-A86B-CFE884DCC09D}"
EndProject
Project("{2150E333-8FDC-42A3-9474-1A3956D46DE8}") = "BridgePattern", "BridgePattern", "{043610C8-6C8E-484E-A6AE-AD49CDEDFE43}"
EndProject
Project("{2150E333-8FDC-42A3-9474-1A3956D46DE8}") = "MementoPattern", "MementoPattern", "{B7D65CAD-9446-4EED-865C-0DF2B1F8B4A7}"
EndProject
Project("{2150E333-8FDC-42A3-9474-1A3956D46DE8}") = "StrategyPattern", "StrategyPattern", "{ED19C324-CA1B-40B5-A6D4-AEFE31CAE1F2}"
EndProject
Project("{2150E333-8FDC-42A3-9474-1A3956D46DE8}") = "CommandPattern", "CommandPattern", "{48A8A216-AB0E-4945-8FB4-B8146D567C0C}"
EndProject
Project("{2150E333-8FDC-42A3-9474-1A3956D46DE8}") = "AdapterPattern", "AdapterPattern", "{F3FF30A9-2F71-4C2E-8437-E442C7EFD1DB}"
EndProject
Project("{9A19103F-16F7-4668-BE54-9A1E7A4F7556}") = "Adapter", "Adapter\Adapter.csproj", "{C5C049A2-F896-46E3-B064-FE93503811B2}"
EndProject
Project("{2150E333-8FDC-42A3-9474-1A3956D46DE8}") = "ObserverPattern", "ObserverPattern", "{2170F028-C71A-4DA8-8083-DB6C3F1428A7}"
EndProject
Project("{FAE04EC0-301F-11D3-BF4B-00C04F79EFBC}") = "Observer", "Observer\Observer.csproj", "{0B4EE6BE-6070-4895-B47E-D45CBF598E6E}"
EndProject
Global
	GlobalSection(SolutionConfigurationPlatforms) = preSolution
		Debug|Any CPU = Debug|Any CPU
		Release|Any CPU = Release|Any CPU
	EndGlobalSection
	GlobalSection(ProjectConfigurationPlatforms) = postSolution
		{E60F46D9-65E3-4E4C-82AC-6095035277F1}.Debug|Any CPU.ActiveCfg = Debug|Any CPU
		{E60F46D9-65E3-4E4C-82AC-6095035277F1}.Debug|Any CPU.Build.0 = Debug|Any CPU
		{E60F46D9-65E3-4E4C-82AC-6095035277F1}.Release|Any CPU.ActiveCfg = Release|Any CPU
		{E60F46D9-65E3-4E4C-82AC-6095035277F1}.Release|Any CPU.Build.0 = Release|Any CPU
		{683F8002-E928-488D-9948-492381E8BA54}.Debug|Any CPU.ActiveCfg = Debug|Any CPU
		{683F8002-E928-488D-9948-492381E8BA54}.Debug|Any CPU.Build.0 = Debug|Any CPU
		{683F8002-E928-488D-9948-492381E8BA54}.Release|Any CPU.ActiveCfg = Release|Any CPU
		{683F8002-E928-488D-9948-492381E8BA54}.Release|Any CPU.Build.0 = Release|Any CPU
		{B891303E-D5A6-4D21-8E84-E6FCEA64CA1B}.Debug|Any CPU.ActiveCfg = Debug|Any CPU
		{B891303E-D5A6-4D21-8E84-E6FCEA64CA1B}.Debug|Any CPU.Build.0 = Debug|Any CPU
		{B891303E-D5A6-4D21-8E84-E6FCEA64CA1B}.Release|Any CPU.ActiveCfg = Release|Any CPU
		{B891303E-D5A6-4D21-8E84-E6FCEA64CA1B}.Release|Any CPU.Build.0 = Release|Any CPU
		{29D2F0E9-E33F-4B68-9A16-8E38FD42C065}.Debug|Any CPU.ActiveCfg = Debug|Any CPU
		{29D2F0E9-E33F-4B68-9A16-8E38FD42C065}.Debug|Any CPU.Build.0 = Debug|Any CPU
		{29D2F0E9-E33F-4B68-9A16-8E38FD42C065}.Release|Any CPU.ActiveCfg = Release|Any CPU
		{29D2F0E9-E33F-4B68-9A16-8E38FD42C065}.Release|Any CPU.Build.0 = Release|Any CPU
		{3D9145E8-C7FD-43DE-A86B-CFE884DCC09D}.Debug|Any CPU.ActiveCfg = Debug|Any CPU
		{3D9145E8-C7FD-43DE-A86B-CFE884DCC09D}.Debug|Any CPU.Build.0 = Debug|Any CPU
		{3D9145E8-C7FD-43DE-A86B-CFE884DCC09D}.Release|Any CPU.ActiveCfg = Release|Any CPU
		{3D9145E8-C7FD-43DE-A86B-CFE884DCC09D}.Release|Any CPU.Build.0 = Release|Any CPU
		{C5C049A2-F896-46E3-B064-FE93503811B2}.Debug|Any CPU.ActiveCfg = Debug|Any CPU
		{C5C049A2-F896-46E3-B064-FE93503811B2}.Debug|Any CPU.Build.0 = Debug|Any CPU
		{C5C049A2-F896-46E3-B064-FE93503811B2}.Release|Any CPU.ActiveCfg = Release|Any CPU
		{C5C049A2-F896-46E3-B064-FE93503811B2}.Release|Any CPU.Build.0 = Release|Any CPU
		{0B4EE6BE-6070-4895-B47E-D45CBF598E6E}.Debug|Any CPU.ActiveCfg = Debug|Any CPU
		{0B4EE6BE-6070-4895-B47E-D45CBF598E6E}.Debug|Any CPU.Build.0 = Debug|Any CPU
		{0B4EE6BE-6070-4895-B47E-D45CBF598E6E}.Release|Any CPU.ActiveCfg = Release|Any CPU
		{0B4EE6BE-6070-4895-B47E-D45CBF598E6E}.Release|Any CPU.Build.0 = Release|Any CPU
	EndGlobalSection
	GlobalSection(SolutionProperties) = preSolution
		HideSolutionNode = FALSE
	EndGlobalSection
	GlobalSection(NestedProjects) = preSolution
		{E60F46D9-65E3-4E4C-82AC-6095035277F1} = {B7D65CAD-9446-4EED-865C-0DF2B1F8B4A7}
		{683F8002-E928-488D-9948-492381E8BA54} = {B7D65CAD-9446-4EED-865C-0DF2B1F8B4A7}
		{B891303E-D5A6-4D21-8E84-E6FCEA64CA1B} = {48A8A216-AB0E-4945-8FB4-B8146D567C0C}
		{29D2F0E9-E33F-4B68-9A16-8E38FD42C065} = {ED19C324-CA1B-40B5-A6D4-AEFE31CAE1F2}
		{3D9145E8-C7FD-43DE-A86B-CFE884DCC09D} = {043610C8-6C8E-484E-A6AE-AD49CDEDFE43}
		{C5C049A2-F896-46E3-B064-FE93503811B2} = {F3FF30A9-2F71-4C2E-8437-E442C7EFD1DB}
		{0B4EE6BE-6070-4895-B47E-D45CBF598E6E} = {2170F028-C71A-4DA8-8083-DB6C3F1428A7}
	EndGlobalSection
	GlobalSection(ExtensibilityGlobals) = postSolution
		SolutionGuid = {07F18A47-609D-46C3-969C-C298B7CB4501}
	EndGlobalSection
EndGlobal
